// !$*UTF8*$!
{
	archiveVersion = 1;
	classes = {
	};
	objectVersion = 53;
	objects = {

/* Begin PBXBuildFile section */
		CE1075892846A67B00843B43 /* AppDelegate.swift in Sources */ = {isa = PBXBuildFile; fileRef = CE1075882846A67B00843B43 /* AppDelegate.swift */; };
		CE10758B2846A67B00843B43 /* SceneDelegate.swift in Sources */ = {isa = PBXBuildFile; fileRef = CE10758A2846A67B00843B43 /* SceneDelegate.swift */; };
		CE10758D2846A67B00843B43 /* ViewController.swift in Sources */ = {isa = PBXBuildFile; fileRef = CE10758C2846A67B00843B43 /* ViewController.swift */; };
		CE1075902846A67B00843B43 /* Main.storyboard in Resources */ = {isa = PBXBuildFile; fileRef = CE10758E2846A67B00843B43 /* Main.storyboard */; };
		CE1075922846A69100843B43 /* Assets.xcassets in Resources */ = {isa = PBXBuildFile; fileRef = CE1075912846A69100843B43 /* Assets.xcassets */; };
		CE1075952846A69100843B43 /* LaunchScreen.storyboard in Resources */ = {isa = PBXBuildFile; fileRef = CE1075932846A69100843B43 /* LaunchScreen.storyboard */; };
		CE13FA2D28492996009D8701 /* HomeTableViewHeader.xib in Resources */ = {isa = PBXBuildFile; fileRef = CE13FA2C28492996009D8701 /* HomeTableViewHeader.xib */; };
		CE13FA2F28492BB2009D8701 /* HomeTableViewHeader.swift in Sources */ = {isa = PBXBuildFile; fileRef = CE13FA2E28492BB2009D8701 /* HomeTableViewHeader.swift */; };
		CE13FA38284AA1B0009D8701 /* ViagemTableViewCell.swift in Sources */ = {isa = PBXBuildFile; fileRef = CE13FA36284AA1B0009D8701 /* ViagemTableViewCell.swift */; };
		CE13FA39284AA1B0009D8701 /* ViagemTableViewCell.xib in Resources */ = {isa = PBXBuildFile; fileRef = CE13FA37284AA1B0009D8701 /* ViagemTableViewCell.xib */; };
		CE13FA3C284AA8D6009D8701 /* server-response.json in Resources */ = {isa = PBXBuildFile; fileRef = CE13FA3B284AA8D6009D8701 /* server-response.json */; };
		CE13FA3E284AA8FE009D8701 /* DecodableData.swift in Sources */ = {isa = PBXBuildFile; fileRef = CE13FA3D284AA8FE009D8701 /* DecodableData.swift */; };
		CE13FA40284AA90F009D8701 /* TiposDeViagens.swift in Sources */ = {isa = PBXBuildFile; fileRef = CE13FA3F284AA90F009D8701 /* TiposDeViagens.swift */; };
		CE13FA42284AA91E009D8701 /* Viagem.swift in Sources */ = {isa = PBXBuildFile; fileRef = CE13FA41284AA91E009D8701 /* Viagem.swift */; };
		CE13FA45284AA94D009D8701 /* UIView+Extension.swift in Sources */ = {isa = PBXBuildFile; fileRef = CE13FA44284AA94D009D8701 /* UIView+Extension.swift */; };
		CE13FA47284AAAE1009D8701 /* ViagemViewModel.swift in Sources */ = {isa = PBXBuildFile; fileRef = CE13FA46284AAAE1009D8701 /* ViagemViewModel.swift */; };
		CE13FA49284AABAF009D8701 /* ViagemDestaqueViewModel.swift in Sources */ = {isa = PBXBuildFile; fileRef = CE13FA48284AABAF009D8701 /* ViagemDestaqueViewModel.swift */; };
		CE2EE141292D2D85004E31AC /* UIColor+Extension.swift in Sources */ = {isa = PBXBuildFile; fileRef = CE2EE140292D2D85004E31AC /* UIColor+Extension.swift */; };
		CE52A6CE284F8D54008A20BB /* OfertaTableViewCell.swift in Sources */ = {isa = PBXBuildFile; fileRef = CE52A6CC284F8D54008A20BB /* OfertaTableViewCell.swift */; };
		CE52A6CF284F8D54008A20BB /* OfertaTableViewCell.xib in Resources */ = {isa = PBXBuildFile; fileRef = CE52A6CD284F8D54008A20BB /* OfertaTableViewCell.xib */; };
		CE52A6D1284F9C87008A20BB /* ViagemOfertaViewModel.swift in Sources */ = {isa = PBXBuildFile; fileRef = CE52A6D0284F9C87008A20BB /* ViagemOfertaViewModel.swift */; };
		CEDB249D293668F70066425B /* DetalheViewController.swift in Sources */ = {isa = PBXBuildFile; fileRef = CEDB249B293668F70066425B /* DetalheViewController.swift */; };
		CEDB249E293668F70066425B /* DetalheViewController.xib in Resources */ = {isa = PBXBuildFile; fileRef = CEDB249C293668F70066425B /* DetalheViewController.xib */; };
/* End PBXBuildFile section */

/* Begin PBXFileReference section */
		CE1075852846A67B00843B43 /* AluraViagens.app */ = {isa = PBXFileReference; explicitFileType = wrapper.application; includeInIndex = 0; path = AluraViagens.app; sourceTree = BUILT_PRODUCTS_DIR; };
		CE1075882846A67B00843B43 /* AppDelegate.swift */ = {isa = PBXFileReference; lastKnownFileType = sourcecode.swift; path = AppDelegate.swift; sourceTree = "<group>"; };
		CE10758A2846A67B00843B43 /* SceneDelegate.swift */ = {isa = PBXFileReference; lastKnownFileType = sourcecode.swift; path = SceneDelegate.swift; sourceTree = "<group>"; };
		CE10758C2846A67B00843B43 /* ViewController.swift */ = {isa = PBXFileReference; lastKnownFileType = sourcecode.swift; path = ViewController.swift; sourceTree = "<group>"; };
		CE10758F2846A67B00843B43 /* Base */ = {isa = PBXFileReference; lastKnownFileType = file.storyboard; name = Base; path = Base.lproj/Main.storyboard; sourceTree = "<group>"; };
		CE1075912846A69100843B43 /* Assets.xcassets */ = {isa = PBXFileReference; lastKnownFileType = folder.assetcatalog; path = Assets.xcassets; sourceTree = "<group>"; };
		CE1075942846A69100843B43 /* Base */ = {isa = PBXFileReference; lastKnownFileType = file.storyboard; name = Base; path = Base.lproj/LaunchScreen.storyboard; sourceTree = "<group>"; };
		CE1075962846A69100843B43 /* Info.plist */ = {isa = PBXFileReference; lastKnownFileType = text.plist.xml; path = Info.plist; sourceTree = "<group>"; };
		CE13FA2C28492996009D8701 /* HomeTableViewHeader.xib */ = {isa = PBXFileReference; lastKnownFileType = file.xib; path = HomeTableViewHeader.xib; sourceTree = "<group>"; };
		CE13FA2E28492BB2009D8701 /* HomeTableViewHeader.swift */ = {isa = PBXFileReference; lastKnownFileType = sourcecode.swift; path = HomeTableViewHeader.swift; sourceTree = "<group>"; };
		CE13FA36284AA1B0009D8701 /* ViagemTableViewCell.swift */ = {isa = PBXFileReference; lastKnownFileType = sourcecode.swift; path = ViagemTableViewCell.swift; sourceTree = "<group>"; };
		CE13FA37284AA1B0009D8701 /* ViagemTableViewCell.xib */ = {isa = PBXFileReference; lastKnownFileType = file.xib; path = ViagemTableViewCell.xib; sourceTree = "<group>"; };
		CE13FA3B284AA8D6009D8701 /* server-response.json */ = {isa = PBXFileReference; fileEncoding = 4; lastKnownFileType = text.json; path = "server-response.json"; sourceTree = "<group>"; };
		CE13FA3D284AA8FE009D8701 /* DecodableData.swift */ = {isa = PBXFileReference; fileEncoding = 4; lastKnownFileType = sourcecode.swift; path = DecodableData.swift; sourceTree = "<group>"; };
		CE13FA3F284AA90F009D8701 /* TiposDeViagens.swift */ = {isa = PBXFileReference; fileEncoding = 4; lastKnownFileType = sourcecode.swift; path = TiposDeViagens.swift; sourceTree = "<group>"; };
		CE13FA41284AA91E009D8701 /* Viagem.swift */ = {isa = PBXFileReference; fileEncoding = 4; lastKnownFileType = sourcecode.swift; path = Viagem.swift; sourceTree = "<group>"; };
		CE13FA44284AA94D009D8701 /* UIView+Extension.swift */ = {isa = PBXFileReference; fileEncoding = 4; lastKnownFileType = sourcecode.swift; path = "UIView+Extension.swift"; sourceTree = "<group>"; };
		CE13FA46284AAAE1009D8701 /* ViagemViewModel.swift */ = {isa = PBXFileReference; lastKnownFileType = sourcecode.swift; path = ViagemViewModel.swift; sourceTree = "<group>"; };
		CE13FA48284AABAF009D8701 /* ViagemDestaqueViewModel.swift */ = {isa = PBXFileReference; lastKnownFileType = sourcecode.swift; path = ViagemDestaqueViewModel.swift; sourceTree = "<group>"; };
		CE2EE140292D2D85004E31AC /* UIColor+Extension.swift */ = {isa = PBXFileReference; lastKnownFileType = sourcecode.swift; path = "UIColor+Extension.swift"; sourceTree = "<group>"; };
		CE52A6CC284F8D54008A20BB /* OfertaTableViewCell.swift */ = {isa = PBXFileReference; lastKnownFileType = sourcecode.swift; path = OfertaTableViewCell.swift; sourceTree = "<group>"; };
		CE52A6CD284F8D54008A20BB /* OfertaTableViewCell.xib */ = {isa = PBXFileReference; lastKnownFileType = file.xib; path = OfertaTableViewCell.xib; sourceTree = "<group>"; };
		CE52A6D0284F9C87008A20BB /* ViagemOfertaViewModel.swift */ = {isa = PBXFileReference; lastKnownFileType = sourcecode.swift; path = ViagemOfertaViewModel.swift; sourceTree = "<group>"; };
		CEDB249B293668F70066425B /* DetalheViewController.swift */ = {isa = PBXFileReference; lastKnownFileType = sourcecode.swift; path = DetalheViewController.swift; sourceTree = "<group>"; };
		CEDB249C293668F70066425B /* DetalheViewController.xib */ = {isa = PBXFileReference; lastKnownFileType = file.xib; path = DetalheViewController.xib; sourceTree = "<group>"; };
/* End PBXFileReference section */

/* Begin PBXFrameworksBuildPhase section */
		CE1075822846A67B00843B43 /* Frameworks */ = {
			isa = PBXFrameworksBuildPhase;
			buildActionMask = 2147483647;
			files = (
			);
			runOnlyForDeploymentPostprocessing = 0;
		};
/* End PBXFrameworksBuildPhase section */

/* Begin PBXGroup section */
		CE10757C2846A67B00843B43 = {
			isa = PBXGroup;
			children = (
				CE1075872846A67B00843B43 /* AluraViagens */,
				CE1075862846A67B00843B43 /* Products */,
			);
			sourceTree = "<group>";
		};
		CE1075862846A67B00843B43 /* Products */ = {
			isa = PBXGroup;
			children = (
				CE1075852846A67B00843B43 /* AluraViagens.app */,
			);
			name = Products;
			sourceTree = "<group>";
		};
		CE1075872846A67B00843B43 /* AluraViagens */ = {
			isa = PBXGroup;
			children = (
				CE13FA30284A58CE009D8701 /* AppDelegate */,
				CE13FA31284A58F4009D8701 /* Model */,
				CE13FA32284A5919009D8701 /* View */,
				CE13FA34284A5984009D8701 /* View Model */,
				CE13FA43284AA928009D8701 /* Extensions */,
				CE13FA3A284AA88F009D8701 /* Mock */,
				CE1075932846A69100843B43 /* LaunchScreen.storyboard */,
				CE1075912846A69100843B43 /* Assets.xcassets */,
				CE1075962846A69100843B43 /* Info.plist */,
			);
			path = AluraViagens;
			sourceTree = "<group>";
		};
		CE13FA30284A58CE009D8701 /* AppDelegate */ = {
			isa = PBXGroup;
			children = (
				CE10758A2846A67B00843B43 /* SceneDelegate.swift */,
				CE1075882846A67B00843B43 /* AppDelegate.swift */,
			);
			path = AppDelegate;
			sourceTree = "<group>";
		};
		CE13FA31284A58F4009D8701 /* Model */ = {
			isa = PBXGroup;
			children = (
				CE13FA41284AA91E009D8701 /* Viagem.swift */,
				CE13FA3D284AA8FE009D8701 /* DecodableData.swift */,
				CE13FA3F284AA90F009D8701 /* TiposDeViagens.swift */,
			);
			path = Model;
			sourceTree = "<group>";
		};
		CE13FA32284A5919009D8701 /* View */ = {
			isa = PBXGroup;
			children = (
				CE10758E2846A67B00843B43 /* Main.storyboard */,
				CE10758C2846A67B00843B43 /* ViewController.swift */,
				CEDB249A293668D10066425B /* DetalheViewController */,
				CE13FA33284A5957009D8701 /* Header */,
				CE13FA35284AA18C009D8701 /* Cells */,
			);
			path = View;
			sourceTree = "<group>";
		};
		CE13FA33284A5957009D8701 /* Header */ = {
			isa = PBXGroup;
			children = (
				CE13FA2C28492996009D8701 /* HomeTableViewHeader.xib */,
				CE13FA2E28492BB2009D8701 /* HomeTableViewHeader.swift */,
			);
			path = Header;
			sourceTree = "<group>";
		};
		CE13FA34284A5984009D8701 /* View Model */ = {
			isa = PBXGroup;
			children = (
				CE13FA46284AAAE1009D8701 /* ViagemViewModel.swift */,
				CE13FA48284AABAF009D8701 /* ViagemDestaqueViewModel.swift */,
				CE52A6D0284F9C87008A20BB /* ViagemOfertaViewModel.swift */,
			);
			path = "View Model";
			sourceTree = "<group>";
		};
		CE13FA35284AA18C009D8701 /* Cells */ = {
			isa = PBXGroup;
			children = (
				CE52A6CA284F8CD8008A20BB /* Destaque */,
				CE52A6CB284F8D36008A20BB /* Oferta */,
			);
			path = Cells;
			sourceTree = "<group>";
		};
		CE13FA3A284AA88F009D8701 /* Mock */ = {
			isa = PBXGroup;
			children = (
				CE13FA3B284AA8D6009D8701 /* server-response.json */,
			);
			path = Mock;
			sourceTree = "<group>";
		};
		CE13FA43284AA928009D8701 /* Extensions */ = {
			isa = PBXGroup;
			children = (
				CE13FA44284AA94D009D8701 /* UIView+Extension.swift */,
				CE2EE140292D2D85004E31AC /* UIColor+Extension.swift */,
			);
			path = Extensions;
			sourceTree = "<group>";
		};
		CE52A6CA284F8CD8008A20BB /* Destaque */ = {
			isa = PBXGroup;
			children = (
				CE13FA36284AA1B0009D8701 /* ViagemTableViewCell.swift */,
				CE13FA37284AA1B0009D8701 /* ViagemTableViewCell.xib */,
			);
			path = Destaque;
			sourceTree = "<group>";
		};
		CE52A6CB284F8D36008A20BB /* Oferta */ = {
			isa = PBXGroup;
			children = (
				CE52A6CC284F8D54008A20BB /* OfertaTableViewCell.swift */,
				CE52A6CD284F8D54008A20BB /* OfertaTableViewCell.xib */,
			);
			path = Oferta;
			sourceTree = "<group>";
		};
		CEDB249A293668D10066425B /* DetalheViewController */ = {
			isa = PBXGroup;
			children = (
				CEDB249C293668F70066425B /* DetalheViewController.xib */,
				CEDB249B293668F70066425B /* DetalheViewController.swift */,
			);
			path = DetalheViewController;
			sourceTree = "<group>";
		};
/* End PBXGroup section */

/* Begin PBXNativeTarget section */
		CE1075842846A67B00843B43 /* AluraViagens */ = {
			isa = PBXNativeTarget;
			buildConfigurationList = CE1075992846A69100843B43 /* Build configuration list for PBXNativeTarget "AluraViagens" */;
			buildPhases = (
				CE1075812846A67B00843B43 /* Sources */,
				CE1075822846A67B00843B43 /* Frameworks */,
				CE1075832846A67B00843B43 /* Resources */,
			);
			buildRules = (
			);
			dependencies = (
			);
			name = AluraViagens;
			productName = AluraViagens;
			productReference = CE1075852846A67B00843B43 /* AluraViagens.app */;
			productType = "com.apple.product-type.application";
		};
/* End PBXNativeTarget section */

/* Begin PBXProject section */
		CE10757D2846A67B00843B43 /* Project object */ = {
			isa = PBXProject;
			attributes = {
				BuildIndependentTargetsInParallel = 1;
				LastSwiftUpdateCheck = 1340;
				LastUpgradeCheck = 1340;
				TargetAttributes = {
					CE1075842846A67B00843B43 = {
						CreatedOnToolsVersion = 13.4;
					};
				};
			};
			buildConfigurationList = CE1075802846A67B00843B43 /* Build configuration list for PBXProject "AluraViagens" */;
			compatibilityVersion = "Xcode 9.3";
			developmentRegion = en;
			hasScannedForEncodings = 0;
			knownRegions = (
				en,
				Base,
			);
			mainGroup = CE10757C2846A67B00843B43;
			productRefGroup = CE1075862846A67B00843B43 /* Products */;
			projectDirPath = "";
			projectRoot = "";
			targets = (
				CE1075842846A67B00843B43 /* AluraViagens */,
			);
		};
/* End PBXProject section */

/* Begin PBXResourcesBuildPhase section */
		CE1075832846A67B00843B43 /* Resources */ = {
			isa = PBXResourcesBuildPhase;
			buildActionMask = 2147483647;
			files = (
				CEDB249E293668F70066425B /* DetalheViewController.xib in Resources */,
				CE1075952846A69100843B43 /* LaunchScreen.storyboard in Resources */,
				CE13FA3C284AA8D6009D8701 /* server-response.json in Resources */,
				CE13FA2D28492996009D8701 /* HomeTableViewHeader.xib in Resources */,
				CE1075922846A69100843B43 /* Assets.xcassets in Resources */,
				CE1075902846A67B00843B43 /* Main.storyboard in Resources */,
				CE13FA39284AA1B0009D8701 /* ViagemTableViewCell.xib in Resources */,
				CE52A6CF284F8D54008A20BB /* OfertaTableViewCell.xib in Resources */,
			);
			runOnlyForDeploymentPostprocessing = 0;
		};
/* End PBXResourcesBuildPhase section */

/* Begin PBXSourcesBuildPhase section */
		CE1075812846A67B00843B43 /* Sources */ = {
			isa = PBXSourcesBuildPhase;
			buildActionMask = 2147483647;
			files = (
				CE13FA42284AA91E009D8701 /* Viagem.swift in Sources */,
				CE10758D2846A67B00843B43 /* ViewController.swift in Sources */,
				CE13FA38284AA1B0009D8701 /* ViagemTableViewCell.swift in Sources */,
				CE13FA45284AA94D009D8701 /* UIView+Extension.swift in Sources */,
				CE52A6D1284F9C87008A20BB /* ViagemOfertaViewModel.swift in Sources */,
				CEDB249D293668F70066425B /* DetalheViewController.swift in Sources */,
				CE52A6CE284F8D54008A20BB /* OfertaTableViewCell.swift in Sources */,
				CE13FA40284AA90F009D8701 /* TiposDeViagens.swift in Sources */,
				CE2EE141292D2D85004E31AC /* UIColor+Extension.swift in Sources */,
				CE13FA2F28492BB2009D8701 /* HomeTableViewHeader.swift in Sources */,
				CE13FA3E284AA8FE009D8701 /* DecodableData.swift in Sources */,
				CE1075892846A67B00843B43 /* AppDelegate.swift in Sources */,
				CE10758B2846A67B00843B43 /* SceneDelegate.swift in Sources */,
				CE13FA47284AAAE1009D8701 /* ViagemViewModel.swift in Sources */,
				CE13FA49284AABAF009D8701 /* ViagemDestaqueViewModel.swift in Sources */,
			);
			runOnlyForDeploymentPostprocessing = 0;
		};
/* End PBXSourcesBuildPhase section */

/* Begin PBXVariantGroup section */
		CE10758E2846A67B00843B43 /* Main.storyboard */ = {
			isa = PBXVariantGroup;
			children = (
				CE10758F2846A67B00843B43 /* Base */,
			);
			name = Main.storyboard;
			sourceTree = "<group>";
		};
		CE1075932846A69100843B43 /* LaunchScreen.storyboard */ = {
			isa = PBXVariantGroup;
			children = (
				CE1075942846A69100843B43 /* Base */,
			);
			name = LaunchScreen.storyboard;
			sourceTree = "<group>";
		};
/* End PBXVariantGroup section */

/* Begin XCBuildConfiguration section */
		CE1075972846A69100843B43 /* Debug */ = {
			isa = XCBuildConfiguration;
			buildSettings = {
				ALWAYS_SEARCH_USER_PATHS = NO;
				CLANG_ANALYZER_NONNULL = YES;
				CLANG_ANALYZER_NUMBER_OBJECT_CONVERSION = YES_AGGRESSIVE;
				CLANG_CXX_LANGUAGE_STANDARD = "gnu++17";
				CLANG_ENABLE_MODULES = YES;
				CLANG_ENABLE_OBJC_ARC = YES;
				CLANG_ENABLE_OBJC_WEAK = YES;
				CLANG_WARN_BLOCK_CAPTURE_AUTORELEASING = YES;
				CLANG_WARN_BOOL_CONVERSION = YES;
				CLANG_WARN_COMMA = YES;
				CLANG_WARN_CONSTANT_CONVERSION = YES;
				CLANG_WARN_DEPRECATED_OBJC_IMPLEMENTATIONS = YES;
				CLANG_WARN_DIRECT_OBJC_ISA_USAGE = YES_ERROR;
				CLANG_WARN_DOCUMENTATION_COMMENTS = YES;
				CLANG_WARN_EMPTY_BODY = YES;
				CLANG_WARN_ENUM_CONVERSION = YES;
				CLANG_WARN_INFINITE_RECURSION = YES;
				CLANG_WARN_INT_CONVERSION = YES;
				CLANG_WARN_NON_LITERAL_NULL_CONVERSION = YES;
				CLANG_WARN_OBJC_IMPLICIT_RETAIN_SELF = YES;
				CLANG_WARN_OBJC_LITERAL_CONVERSION = YES;
				CLANG_WARN_OBJC_ROOT_CLASS = YES_ERROR;
				CLANG_WARN_QUOTED_INCLUDE_IN_FRAMEWORK_HEADER = YES;
				CLANG_WARN_RANGE_LOOP_ANALYSIS = YES;
				CLANG_WARN_STRICT_PROTOTYPES = YES;
				CLANG_WARN_SUSPICIOUS_MOVE = YES;
				CLANG_WARN_UNGUARDED_AVAILABILITY = YES_AGGRESSIVE;
				CLANG_WARN_UNREACHABLE_CODE = YES;
				CLANG_WARN__DUPLICATE_METHOD_MATCH = YES;
				COPY_PHASE_STRIP = NO;
				DEBUG_INFORMATION_FORMAT = dwarf;
				ENABLE_STRICT_OBJC_MSGSEND = YES;
				ENABLE_TESTABILITY = YES;
				GCC_C_LANGUAGE_STANDARD = gnu11;
				GCC_DYNAMIC_NO_PIC = NO;
				GCC_NO_COMMON_BLOCKS = YES;
				GCC_OPTIMIZATION_LEVEL = 0;
				GCC_PREPROCESSOR_DEFINITIONS = (
					"DEBUG=1",
					"$(inherited)",
				);
				GCC_WARN_64_TO_32_BIT_CONVERSION = YES;
				GCC_WARN_ABOUT_RETURN_TYPE = YES_ERROR;
				GCC_WARN_UNDECLARED_SELECTOR = YES;
				GCC_WARN_UNINITIALIZED_AUTOS = YES_AGGRESSIVE;
				GCC_WARN_UNUSED_FUNCTION = YES;
				GCC_WARN_UNUSED_VARIABLE = YES;
				IPHONEOS_DEPLOYMENT_TARGET = 15.5;
				MTL_ENABLE_DEBUG_INFO = INCLUDE_SOURCE;
				MTL_FAST_MATH = YES;
				ONLY_ACTIVE_ARCH = YES;
				SDKROOT = iphoneos;
				SWIFT_ACTIVE_COMPILATION_CONDITIONS = DEBUG;
				SWIFT_OPTIMIZATION_LEVEL = "-Onone";
			};
			name = Debug;
		};
		CE1075982846A69100843B43 /* Release */ = {
			isa = XCBuildConfiguration;
			buildSettings = {
				ALWAYS_SEARCH_USER_PATHS = NO;
				CLANG_ANALYZER_NONNULL = YES;
				CLANG_ANALYZER_NUMBER_OBJECT_CONVERSION = YES_AGGRESSIVE;
				CLANG_CXX_LANGUAGE_STANDARD = "gnu++17";
				CLANG_ENABLE_MODULES = YES;
				CLANG_ENABLE_OBJC_ARC = YES;
				CLANG_ENABLE_OBJC_WEAK = YES;
				CLANG_WARN_BLOCK_CAPTURE_AUTORELEASING = YES;
				CLANG_WARN_BOOL_CONVERSION = YES;
				CLANG_WARN_COMMA = YES;
				CLANG_WARN_CONSTANT_CONVERSION = YES;
				CLANG_WARN_DEPRECATED_OBJC_IMPLEMENTATIONS = YES;
				CLANG_WARN_DIRECT_OBJC_ISA_USAGE = YES_ERROR;
				CLANG_WARN_DOCUMENTATION_COMMENTS = YES;
				CLANG_WARN_EMPTY_BODY = YES;
				CLANG_WARN_ENUM_CONVERSION = YES;
				CLANG_WARN_INFINITE_RECURSION = YES;
				CLANG_WARN_INT_CONVERSION = YES;
				CLANG_WARN_NON_LITERAL_NULL_CONVERSION = YES;
				CLANG_WARN_OBJC_IMPLICIT_RETAIN_SELF = YES;
				CLANG_WARN_OBJC_LITERAL_CONVERSION = YES;
				CLANG_WARN_OBJC_ROOT_CLASS = YES_ERROR;
				CLANG_WARN_QUOTED_INCLUDE_IN_FRAMEWORK_HEADER = YES;
				CLANG_WARN_RANGE_LOOP_ANALYSIS = YES;
				CLANG_WARN_STRICT_PROTOTYPES = YES;
				CLANG_WARN_SUSPICIOUS_MOVE = YES;
				CLANG_WARN_UNGUARDED_AVAILABILITY = YES_AGGRESSIVE;
				CLANG_WARN_UNREACHABLE_CODE = YES;
				CLANG_WARN__DUPLICATE_METHOD_MATCH = YES;
				COPY_PHASE_STRIP = NO;
				DEBUG_INFORMATION_FORMAT = "dwarf-with-dsym";
				ENABLE_NS_ASSERTIONS = NO;
				ENABLE_STRICT_OBJC_MSGSEND = YES;
				GCC_C_LANGUAGE_STANDARD = gnu11;
				GCC_NO_COMMON_BLOCKS = YES;
				GCC_WARN_64_TO_32_BIT_CONVERSION = YES;
				GCC_WARN_ABOUT_RETURN_TYPE = YES_ERROR;
				GCC_WARN_UNDECLARED_SELECTOR = YES;
				GCC_WARN_UNINITIALIZED_AUTOS = YES_AGGRESSIVE;
				GCC_WARN_UNUSED_FUNCTION = YES;
				GCC_WARN_UNUSED_VARIABLE = YES;
				IPHONEOS_DEPLOYMENT_TARGET = 15.5;
				MTL_ENABLE_DEBUG_INFO = NO;
				MTL_FAST_MATH = YES;
				SDKROOT = iphoneos;
				SWIFT_COMPILATION_MODE = wholemodule;
				SWIFT_OPTIMIZATION_LEVEL = "-O";
				VALIDATE_PRODUCT = YES;
			};
			name = Release;
		};
		CE10759A2846A69100843B43 /* Debug */ = {
			isa = XCBuildConfiguration;
			buildSettings = {
				ASSETCATALOG_COMPILER_APPICON_NAME = AppIcon;
				ASSETCATALOG_COMPILER_GLOBAL_ACCENT_COLOR_NAME = AccentColor;
				CODE_SIGN_STYLE = Automatic;
				CURRENT_PROJECT_VERSION = 1;
				DEVELOPMENT_TEAM = 9R9HCFQ2W5;
				GENERATE_INFOPLIST_FILE = YES;
				INFOPLIST_FILE = AluraViagens/Info.plist;
				INFOPLIST_KEY_UIApplicationSupportsIndirectInputEvents = YES;
				INFOPLIST_KEY_UILaunchStoryboardName = LaunchScreen;
				INFOPLIST_KEY_UIMainStoryboardFile = Main;
				INFOPLIST_KEY_UISupportedInterfaceOrientations = "UIInterfaceOrientationPortrait UIInterfaceOrientationLandscapeLeft UIInterfaceOrientationLandscapeRight";
				INFOPLIST_KEY_UISupportedInterfaceOrientations_iPad = "UIInterfaceOrientationPortrait UIInterfaceOrientationPortraitUpsideDown UIInterfaceOrientationLandscapeLeft UIInterfaceOrientationLandscapeRight";
				INFOPLIST_KEY_UISupportedInterfaceOrientations_iPhone = "UIInterfaceOrientationPortrait UIInterfaceOrientationLandscapeLeft UIInterfaceOrientationLandscapeRight";
				LD_RUNPATH_SEARCH_PATHS = (
					"$(inherited)",
					"@executable_path/Frameworks",
				);
				MARKETING_VERSION = 1.0;
				PRODUCT_BUNDLE_IDENTIFIER = com.dellirium.AluraViagens;
				PRODUCT_NAME = "$(TARGET_NAME)";
				SWIFT_EMIT_LOC_STRINGS = YES;
				SWIFT_VERSION = 5.0;
				TARGETED_DEVICE_FAMILY = "1,2";
			};
			name = Debug;
		};
		CE10759B2846A69100843B43 /* Release */ = {
			isa = XCBuildConfiguration;
			buildSettings = {
				ASSETCATALOG_COMPILER_APPICON_NAME = AppIcon;
				ASSETCATALOG_COMPILER_GLOBAL_ACCENT_COLOR_NAME = AccentColor;
				CODE_SIGN_STYLE = Automatic;
				CURRENT_PROJECT_VERSION = 1;
				DEVELOPMENT_TEAM = 9R9HCFQ2W5;
				GENERATE_INFOPLIST_FILE = YES;
				INFOPLIST_FILE = AluraViagens/Info.plist;
				INFOPLIST_KEY_UIApplicationSupportsIndirectInputEvents = YES;
				INFOPLIST_KEY_UILaunchStoryboardName = LaunchScreen;
				INFOPLIST_KEY_UIMainStoryboardFile = Main;
				INFOPLIST_KEY_UISupportedInterfaceOrientations = "UIInterfaceOrientationPortrait UIInterfaceOrientationLandscapeLeft UIInterfaceOrientationLandscapeRight";
				INFOPLIST_KEY_UISupportedInterfaceOrientations_iPad = "UIInterfaceOrientationPortrait UIInterfaceOrientationPortraitUpsideDown UIInterfaceOrientationLandscapeLeft UIInterfaceOrientationLandscapeRight";
				INFOPLIST_KEY_UISupportedInterfaceOrientations_iPhone = "UIInterfaceOrientationPortrait UIInterfaceOrientationLandscapeLeft UIInterfaceOrientationLandscapeRight";
				LD_RUNPATH_SEARCH_PATHS = (
					"$(inherited)",
					"@executable_path/Frameworks",
				);
				MARKETING_VERSION = 1.0;
				PRODUCT_BUNDLE_IDENTIFIER = com.dellirium.AluraViagens;
				PRODUCT_NAME = "$(TARGET_NAME)";
				SWIFT_EMIT_LOC_STRINGS = YES;
				SWIFT_VERSION = 5.0;
				TARGETED_DEVICE_FAMILY = "1,2";
			};
			name = Release;
		};
/* End XCBuildConfiguration section */

/* Begin XCConfigurationList section */
		CE1075802846A67B00843B43 /* Build configuration list for PBXProject "AluraViagens" */ = {
			isa = XCConfigurationList;
			buildConfigurations = (
				CE1075972846A69100843B43 /* Debug */,
				CE1075982846A69100843B43 /* Release */,
			);
			defaultConfigurationIsVisible = 0;
			defaultConfigurationName = Release;
		};
		CE1075992846A69100843B43 /* Build configuration list for PBXNativeTarget "AluraViagens" */ = {
			isa = XCConfigurationList;
			buildConfigurations = (
				CE10759A2846A69100843B43 /* Debug */,
				CE10759B2846A69100843B43 /* Release */,
			);
			defaultConfigurationIsVisible = 0;
			defaultConfigurationName = Release;
		};
/* End XCConfigurationList section */
	};
	rootObject = CE10757D2846A67B00843B43 /* Project object */;
}
